
Microsoft Visual Studio Solution File, Format Version 12.00
# Visual Studio 15
VisualStudioVersion = 15.0.28307.329
MinimumVisualStudioVersion = 10.0.40219.1
Project("{FAE04EC0-301F-11D3-BF4B-00C04F79EFBC}") = "PaypalTest", "PaypalTest\PaypalTest.csproj", "{97120A0D-3F85-4EDD-BEB1-0F6CC280D364}"
EndProject
Global
	GlobalSection(SolutionConfigurationPlatforms) = preSolution
		Debug|Any CPU = Debug|Any CPU
		Release|Any CPU = Release|Any CPU
	EndGlobalSection
	GlobalSection(ProjectConfigurationPlatforms) = postSolution
		{97120A0D-3F85-4EDD-BEB1-0F6CC280D364}.Debug|Any CPU.ActiveCfg = Debug|Any CPU
		{97120A0D-3F85-4EDD-BEB1-0F6CC280D364}.Debug|Any CPU.Build.0 = Debug|Any CPU
		{97120A0D-3F85-4EDD-BEB1-0F6CC280D364}.Release|Any CPU.ActiveCfg = Release|Any CPU
		{97120A0D-3F85-4EDD-BEB1-0F6CC280D364}.Release|Any CPU.Build.0 = Release|Any CPU
	EndGlobalSection
	GlobalSection(SolutionProperties) = preSolution
		HideSolutionNode = FALSE
	EndGlobalSection
	GlobalSection(ExtensibilityGlobals) = postSolution
		SolutionGuid = {3CC6CD91-A1DA-455E-AEB2-8EA15D0B8C48}
	EndGlobalSection
EndGlobal
